
Microsoft Visual Studio Solution File, Format Version 12.00
# Visual Studio Version 17
VisualStudioVersion = 17.0.32126.317
MinimumVisualStudioVersion = 10.0.40219.1
Project("{9A19103F-16F7-4668-BE54-9A1E7A4F7556}") = "poker", "poker.csproj", "{66297EB8-3D96-4960-86F0-1692132D068C}"
EndProject
Project("{2150E333-8FDC-42A3-9474-1A3956D46DE8}") = "Solution Items", "Solution Items", "{362529C6-A9E3-4B1B-857F-E99CAF530C6C}"
	ProjectSection(SolutionItems) = preProject
		Class1.cs = Class1.cs
	EndProjectSection
EndProject
Global
	GlobalSection(SolutionConfigurationPlatforms) = preSolution
		Debug|Any CPU = Debug|Any CPU
		Debug|x64 = Debug|x64
		Debug|x86 = Debug|x86
		Release|Any CPU = Release|Any CPU
		Release|x64 = Release|x64
		Release|x86 = Release|x86
	EndGlobalSection
	GlobalSection(ProjectConfigurationPlatforms) = postSolution
		{66297EB8-3D96-4960-86F0-1692132D068C}.Debug|Any CPU.ActiveCfg = Debug|Any CPU
		{66297EB8-3D96-4960-86F0-1692132D068C}.Debug|Any CPU.Build.0 = Debug|Any CPU
		{66297EB8-3D96-4960-86F0-1692132D068C}.Debug|x64.ActiveCfg = Debug|Any CPU
		{66297EB8-3D96-4960-86F0-1692132D068C}.Debug|x64.Build.0 = Debug|Any CPU
		{66297EB8-3D96-4960-86F0-1692132D068C}.Debug|x86.ActiveCfg = Debug|Any CPU
		{66297EB8-3D96-4960-86F0-1692132D068C}.Debug|x86.Build.0 = Debug|Any CPU
		{66297EB8-3D96-4960-86F0-1692132D068C}.Release|Any CPU.ActiveCfg = Release|Any CPU
		{66297EB8-3D96-4960-86F0-1692132D068C}.Release|Any CPU.Build.0 = Release|Any CPU
		{66297EB8-3D96-4960-86F0-1692132D068C}.Release|x64.ActiveCfg = Release|Any CPU
		{66297EB8-3D96-4960-86F0-1692132D068C}.Release|x64.Build.0 = Release|Any CPU
		{66297EB8-3D96-4960-86F0-1692132D068C}.Release|x86.ActiveCfg = Release|Any CPU
		{66297EB8-3D96-4960-86F0-1692132D068C}.Release|x86.Build.0 = Release|Any CPU
	EndGlobalSection
	GlobalSection(SolutionProperties) = preSolution
		HideSolutionNode = FALSE
	EndGlobalSection
	GlobalSection(ExtensibilityGlobals) = postSolution
		SolutionGuid = {B6861719-2E2A-4D11-8E2D-17DFAEBABA4F}
	EndGlobalSection
EndGlobal
